
Microsoft Visual Studio Solution File, Format Version 12.00
Project("{FAE04EC0-301F-11D3-BF4B-00C04F79EFBC}") = "Barcode128c.Web", "Barcode128c.Web\Barcode128c.Web.csproj", "{C3F2982D-0329-4157-8710-9F5FBE1FFBBC}"
EndProject
Project("{2150E333-8FDC-42A3-9474-1A3956D46DE8}") = "Pipelines", "Pipelines", "{3185F2E3-B223-40D1-BBC2-021F10CD7843}"
	ProjectSection(SolutionItems) = preProject
		Pipelines\website-pipeline.yaml = Pipelines\website-pipeline.yaml
	EndProjectSection
EndProject
Global
	GlobalSection(SolutionConfigurationPlatforms) = preSolution
		Debug|Any CPU = Debug|Any CPU
		Release|Any CPU = Release|Any CPU
	EndGlobalSection
	GlobalSection(ProjectConfigurationPlatforms) = postSolution
		{C3F2982D-0329-4157-8710-9F5FBE1FFBBC}.Debug|Any CPU.ActiveCfg = Debug|Any CPU
		{C3F2982D-0329-4157-8710-9F5FBE1FFBBC}.Debug|Any CPU.Build.0 = Debug|Any CPU
		{C3F2982D-0329-4157-8710-9F5FBE1FFBBC}.Release|Any CPU.ActiveCfg = Release|Any CPU
		{C3F2982D-0329-4157-8710-9F5FBE1FFBBC}.Release|Any CPU.Build.0 = Release|Any CPU
	EndGlobalSection
EndGlobal
